# This file is automatically @generated by Cargo.
# It is not intended for manual editing.
version = 4

[[package]]
name = "cliptype"
version = "0.1.0"
dependencies = [
 "cliptype-app",
 "cliptype-windows",
]

[[package]]
name = "cliptype-app"
version = "0.1.0"
dependencies = [
 "cliptype-core",
 "cliptype-platform",
]

[[package]]
name = "cliptype-core"
version = "0.1.0"

[[package]]
name = "cliptype-platform"
version = "0.1.0"
dependencies = [
 "cliptype-core",
]

[[package]]
name = "cliptype-windows"
version = "0.1.0"
dependencies = [
 "cliptype-core",
 "cliptype-platform",
]
